PODS:
  - NXDrawKit (0.5.2)
  - RSKImageCropper (1.6.2)

DEPENDENCIES:
  - NXDrawKit (from `../`)
  - RSKImageCropper

EXTERNAL SOURCES:
  NXDrawKit:
    :path: ../

SPEC CHECKSUMS:
  NXDrawKit: 7c23308fbc13e3ce946875be84f70c689f9d3c3e
  RSKImageCropper: 3e579d0000945a8be1c0efdad728fd9e25c2fd79

PODFILE CHECKSUM: 73937c2fdc7afcc955dae9a477491722f5281a47

COCOAPODS: 1.2.1
